
Microsoft Visual Studio Solution File, Format Version 12.00
# Visual Studio Version 17
VisualStudioVersion = 17.12.35527.113 d17.12
MinimumVisualStudioVersion = 10.0.40219.1
Project("{FAE04EC0-301F-11D3-BF4B-00C04F79EFBC}") = "WitchSaga", "WitchSaga\WitchSaga.csproj", "{DF2AB35C-C876-4B25-AE32-CDC14FC14AB5}"
EndProject
Project("{FAE04EC0-301F-11D3-BF4B-00C04F79EFBC}") = "WitchSagaTest", "WitchSagaTest\WitchSagaTest.csproj", "{B334D567-478D-4C06-A78E-E2923F773F4B}"
EndProject
Global
	GlobalSection(SolutionConfigurationPlatforms) = preSolution
		Debug|Any CPU = Debug|Any CPU
		Release|Any CPU = Release|Any CPU
	EndGlobalSection
	GlobalSection(ProjectConfigurationPlatforms) = postSolution
		{DF2AB35C-C876-4B25-AE32-CDC14FC14AB5}.Debug|Any CPU.ActiveCfg = Debug|Any CPU
		{DF2AB35C-C876-4B25-AE32-CDC14FC14AB5}.Debug|Any CPU.Build.0 = Debug|Any CPU
		{DF2AB35C-C876-4B25-AE32-CDC14FC14AB5}.Release|Any CPU.ActiveCfg = Release|Any CPU
		{DF2AB35C-C876-4B25-AE32-CDC14FC14AB5}.Release|Any CPU.Build.0 = Release|Any CPU
		{B334D567-478D-4C06-A78E-E2923F773F4B}.Debug|Any CPU.ActiveCfg = Debug|Any CPU
		{B334D567-478D-4C06-A78E-E2923F773F4B}.Debug|Any CPU.Build.0 = Debug|Any CPU
		{B334D567-478D-4C06-A78E-E2923F773F4B}.Release|Any CPU.ActiveCfg = Release|Any CPU
		{B334D567-478D-4C06-A78E-E2923F773F4B}.Release|Any CPU.Build.0 = Release|Any CPU
	EndGlobalSection
	GlobalSection(SolutionProperties) = preSolution
		HideSolutionNode = FALSE
	EndGlobalSection
EndGlobal
